
Microsoft Visual Studio Solution File, Format Version 12.00
# Visual Studio Version 16
VisualStudioVersion = 16.0.29123.88
MinimumVisualStudioVersion = 10.0.40219.1
Project("{FAE04EC0-301F-11D3-BF4B-00C04F79EFBC}") = "todolist", "todolist\todolist.csproj", "{69D8E8EE-84C5-41DD-8E27-ABDED6743D8E}"
EndProject
Project("{FAE04EC0-301F-11D3-BF4B-00C04F79EFBC}") = "DataLibrary", "DataLibrary\DataLibrary.csproj", "{7CAC9605-8716-4399-B39D-531D8E7BA94F}"
EndProject
Project("{00D1A9C2-B5F0-4AF3-8072-F6C62B433612}") = "Database", "Database\Database.sqlproj", "{A1CF5101-9009-4A7F-B2FF-51A37429D668}"
EndProject
Global
	GlobalSection(SolutionConfigurationPlatforms) = preSolution
		Debug|Any CPU = Debug|Any CPU
		Release|Any CPU = Release|Any CPU
	EndGlobalSection
	GlobalSection(ProjectConfigurationPlatforms) = postSolution
		{69D8E8EE-84C5-41DD-8E27-ABDED6743D8E}.Debug|Any CPU.ActiveCfg = Debug|Any CPU
		{69D8E8EE-84C5-41DD-8E27-ABDED6743D8E}.Debug|Any CPU.Build.0 = Debug|Any CPU
		{69D8E8EE-84C5-41DD-8E27-ABDED6743D8E}.Release|Any CPU.ActiveCfg = Release|Any CPU
		{69D8E8EE-84C5-41DD-8E27-ABDED6743D8E}.Release|Any CPU.Build.0 = Release|Any CPU
		{7CAC9605-8716-4399-B39D-531D8E7BA94F}.Debug|Any CPU.ActiveCfg = Debug|Any CPU
		{7CAC9605-8716-4399-B39D-531D8E7BA94F}.Debug|Any CPU.Build.0 = Debug|Any CPU
		{7CAC9605-8716-4399-B39D-531D8E7BA94F}.Release|Any CPU.ActiveCfg = Release|Any CPU
		{7CAC9605-8716-4399-B39D-531D8E7BA94F}.Release|Any CPU.Build.0 = Release|Any CPU
		{A1CF5101-9009-4A7F-B2FF-51A37429D668}.Debug|Any CPU.ActiveCfg = Debug|Any CPU
		{A1CF5101-9009-4A7F-B2FF-51A37429D668}.Debug|Any CPU.Build.0 = Debug|Any CPU
		{A1CF5101-9009-4A7F-B2FF-51A37429D668}.Debug|Any CPU.Deploy.0 = Debug|Any CPU
		{A1CF5101-9009-4A7F-B2FF-51A37429D668}.Release|Any CPU.ActiveCfg = Release|Any CPU
		{A1CF5101-9009-4A7F-B2FF-51A37429D668}.Release|Any CPU.Build.0 = Release|Any CPU
		{A1CF5101-9009-4A7F-B2FF-51A37429D668}.Release|Any CPU.Deploy.0 = Release|Any CPU
	EndGlobalSection
	GlobalSection(SolutionProperties) = preSolution
		HideSolutionNode = FALSE
	EndGlobalSection
	GlobalSection(ExtensibilityGlobals) = postSolution
		SolutionGuid = {458F9330-BD64-4506-A63A-94C76DCE6EFD}
	EndGlobalSection
EndGlobal
