
Microsoft Visual Studio Solution File, Format Version 12.00
# Visual Studio Version 16
VisualStudioVersion = 16.0.29123.88
MinimumVisualStudioVersion = 10.0.40219.1
Project("{FAE04EC0-301F-11D3-BF4B-00C04F79EFBC}") = "EmployeeBF", "EmployeeBF\EmployeeBF.csproj", "{6FFD6925-DDC0-4EF9-9914-B7253115A648}"
EndProject
Global
	GlobalSection(SolutionConfigurationPlatforms) = preSolution
		Debug|Any CPU = Debug|Any CPU
		Release|Any CPU = Release|Any CPU
	EndGlobalSection
	GlobalSection(ProjectConfigurationPlatforms) = postSolution
		{6FFD6925-DDC0-4EF9-9914-B7253115A648}.Debug|Any CPU.ActiveCfg = Debug|Any CPU
		{6FFD6925-DDC0-4EF9-9914-B7253115A648}.Debug|Any CPU.Build.0 = Debug|Any CPU
		{6FFD6925-DDC0-4EF9-9914-B7253115A648}.Release|Any CPU.ActiveCfg = Release|Any CPU
		{6FFD6925-DDC0-4EF9-9914-B7253115A648}.Release|Any CPU.Build.0 = Release|Any CPU
	EndGlobalSection
	GlobalSection(SolutionProperties) = preSolution
		HideSolutionNode = FALSE
	EndGlobalSection
	GlobalSection(ExtensibilityGlobals) = postSolution
		SolutionGuid = {22BCB983-B276-4084-9111-EC148698ED3D}
	EndGlobalSection
EndGlobal
