
Microsoft Visual Studio Solution File, Format Version 12.00
# Visual Studio Version 16
VisualStudioVersion = 16.0.29123.88
MinimumVisualStudioVersion = 10.0.40219.1
Project("{FAE04EC0-301F-11D3-BF4B-00C04F79EFBC}") = "EmployeeService", "EmployeeSarvise\EmployeeService.csproj", "{EAEC9D26-335B-46DF-A369-07534FBA3568}"
EndProject
Project("{00D1A9C2-B5F0-4AF3-8072-F6C62B433612}") = "EmployeeDB", "EmployeeDB\EmployeeDB.sqlproj", "{0F13A9DC-379B-4078-BEBE-3DA9EE0BE0C0}"
EndProject
Project("{FAE04EC0-301F-11D3-BF4B-00C04F79EFBC}") = "EmployeeDataAccess", "EmployeeDataAccess\EmployeeDataAccess.csproj", "{91F2CFF5-ABD1-46A1-A052-3C36EC29D324}"
EndProject
Project("{FAE04EC0-301F-11D3-BF4B-00C04F79EFBC}") = "EmployeeAPI", "..\EmployeeAPI\EmployeeAPI.csproj", "{36710B41-5CF2-44CC-851A-CF419EDE935B}"
EndProject
Global
	GlobalSection(SolutionConfigurationPlatforms) = preSolution
		Debug|Any CPU = Debug|Any CPU
		Release|Any CPU = Release|Any CPU
	EndGlobalSection
	GlobalSection(ProjectConfigurationPlatforms) = postSolution
		{EAEC9D26-335B-46DF-A369-07534FBA3568}.Debug|Any CPU.ActiveCfg = Debug|Any CPU
		{EAEC9D26-335B-46DF-A369-07534FBA3568}.Debug|Any CPU.Build.0 = Debug|Any CPU
		{EAEC9D26-335B-46DF-A369-07534FBA3568}.Release|Any CPU.ActiveCfg = Release|Any CPU
		{EAEC9D26-335B-46DF-A369-07534FBA3568}.Release|Any CPU.Build.0 = Release|Any CPU
		{0F13A9DC-379B-4078-BEBE-3DA9EE0BE0C0}.Debug|Any CPU.ActiveCfg = Debug|Any CPU
		{0F13A9DC-379B-4078-BEBE-3DA9EE0BE0C0}.Debug|Any CPU.Build.0 = Debug|Any CPU
		{0F13A9DC-379B-4078-BEBE-3DA9EE0BE0C0}.Debug|Any CPU.Deploy.0 = Debug|Any CPU
		{0F13A9DC-379B-4078-BEBE-3DA9EE0BE0C0}.Release|Any CPU.ActiveCfg = Release|Any CPU
		{0F13A9DC-379B-4078-BEBE-3DA9EE0BE0C0}.Release|Any CPU.Build.0 = Release|Any CPU
		{0F13A9DC-379B-4078-BEBE-3DA9EE0BE0C0}.Release|Any CPU.Deploy.0 = Release|Any CPU
		{91F2CFF5-ABD1-46A1-A052-3C36EC29D324}.Debug|Any CPU.ActiveCfg = Debug|Any CPU
		{91F2CFF5-ABD1-46A1-A052-3C36EC29D324}.Debug|Any CPU.Build.0 = Debug|Any CPU
		{91F2CFF5-ABD1-46A1-A052-3C36EC29D324}.Release|Any CPU.ActiveCfg = Release|Any CPU
		{91F2CFF5-ABD1-46A1-A052-3C36EC29D324}.Release|Any CPU.Build.0 = Release|Any CPU
		{36710B41-5CF2-44CC-851A-CF419EDE935B}.Debug|Any CPU.ActiveCfg = Debug|Any CPU
		{36710B41-5CF2-44CC-851A-CF419EDE935B}.Debug|Any CPU.Build.0 = Debug|Any CPU
		{36710B41-5CF2-44CC-851A-CF419EDE935B}.Release|Any CPU.ActiveCfg = Release|Any CPU
		{36710B41-5CF2-44CC-851A-CF419EDE935B}.Release|Any CPU.Build.0 = Release|Any CPU
	EndGlobalSection
	GlobalSection(SolutionProperties) = preSolution
		HideSolutionNode = FALSE
	EndGlobalSection
	GlobalSection(ExtensibilityGlobals) = postSolution
		SolutionGuid = {0377BCED-5936-44B3-A3ED-1952A9652063}
	EndGlobalSection
EndGlobal
